# This is a Gradle generated file for dependency locking.
# Manual edits can break the build and are not advised.
# This file is expected to be part of source control.
antlr:antlr:2.7.7
com.fasterxml.jackson.core:jackson-annotations:2.6.7
com.fasterxml.jackson.core:jackson-core:2.6.7
com.fasterxml.jackson.core:jackson-databind:2.6.7.5
com.fasterxml.jackson.datatype:jackson-datatype-jdk8:2.6.7
com.force.api:force-partner-api:47.0.0
com.force.api:force-wsc:47.0.0
commons-beanutils:commons-beanutils:1.9.3
commons-collections:commons-collections:3.2.2
commons-logging:commons-logging:1.2
javax.validation:validation-api:1.1.0.Final
org.antlr:ST4:4.0.7
org.antlr:antlr-runtime:3.5
org.antlr:stringtemplate:3.2.1
org.codehaus.jackson:jackson-core-asl:1.9.13
org.codehaus.jackson:jackson-mapper-asl:1.9.13
org.embulk:embulk-util-config:0.3.4
org.embulk:embulk-util-file:0.1.5
